{
  "object": {
    "pins": [
      {
        "package": "SwiftCurses",
        "repositoryURL": "https://github.com/tachoknight/SwiftCurses",
        "state": {
          "branch": null,
          "revision": "aa97be3c92e1f4dbead1c21337b0abf7b0a5b7ae",
          "version": "0.0.3"
        }
      }
    ]
  },
  "version": 1
}
